
Microsoft Visual Studio Solution File, Format Version 12.00
# Visual Studio Version 17
VisualStudioVersion = 17.0.31903.59
MinimumVisualStudioVersion = 10.0.40219.1
Project("{FAE04EC0-301F-11D3-BF4B-00C04F79EFBC}") = "Web", "Web\Web.csproj", "{EF668B02-0160-4C22-96F4-63C0038CB841}"
EndProject
Project("{FAE04EC0-301F-11D3-BF4B-00C04F79EFBC}") = "Core", "Core\Core.csproj", "{81B01378-EDA1-4FB7-B828-863D590B28AC}"
EndProject
Project("{FAE04EC0-301F-11D3-BF4B-00C04F79EFBC}") = "Infrastructure", "Infrastructure\Infrastructure.csproj", "{CC96EBB6-CBF1-428A-8296-2D3119116295}"
EndProject
Project("{FAE04EC0-301F-11D3-BF4B-00C04F79EFBC}") = "Application", "Application\Application.csproj", "{1BA8D06E-5EB6-412A-BC39-963209FA35D2}"
EndProject
Project("{FAE04EC0-301F-11D3-BF4B-00C04F79EFBC}") = "Tests", "Tests\Tests.csproj", "{DF178DAE-671B-4195-9FE3-B8906DE2782D}"
EndProject
Global
	GlobalSection(SolutionConfigurationPlatforms) = preSolution
		Debug|Any CPU = Debug|Any CPU
		Debug|x64 = Debug|x64
		Debug|x86 = Debug|x86
		Release|Any CPU = Release|Any CPU
		Release|x64 = Release|x64
		Release|x86 = Release|x86
	EndGlobalSection
	GlobalSection(ProjectConfigurationPlatforms) = postSolution
		{EF668B02-0160-4C22-96F4-63C0038CB841}.Debug|Any CPU.ActiveCfg = Debug|Any CPU
		{EF668B02-0160-4C22-96F4-63C0038CB841}.Debug|Any CPU.Build.0 = Debug|Any CPU
		{EF668B02-0160-4C22-96F4-63C0038CB841}.Debug|x64.ActiveCfg = Debug|Any CPU
		{EF668B02-0160-4C22-96F4-63C0038CB841}.Debug|x64.Build.0 = Debug|Any CPU
		{EF668B02-0160-4C22-96F4-63C0038CB841}.Debug|x86.ActiveCfg = Debug|Any CPU
		{EF668B02-0160-4C22-96F4-63C0038CB841}.Debug|x86.Build.0 = Debug|Any CPU
		{EF668B02-0160-4C22-96F4-63C0038CB841}.Release|Any CPU.ActiveCfg = Release|Any CPU
		{EF668B02-0160-4C22-96F4-63C0038CB841}.Release|Any CPU.Build.0 = Release|Any CPU
		{EF668B02-0160-4C22-96F4-63C0038CB841}.Release|x64.ActiveCfg = Release|Any CPU
		{EF668B02-0160-4C22-96F4-63C0038CB841}.Release|x64.Build.0 = Release|Any CPU
		{EF668B02-0160-4C22-96F4-63C0038CB841}.Release|x86.ActiveCfg = Release|Any CPU
		{EF668B02-0160-4C22-96F4-63C0038CB841}.Release|x86.Build.0 = Release|Any CPU
		{81B01378-EDA1-4FB7-B828-863D590B28AC}.Debug|Any CPU.ActiveCfg = Debug|Any CPU
		{81B01378-EDA1-4FB7-B828-863D590B28AC}.Debug|Any CPU.Build.0 = Debug|Any CPU
		{81B01378-EDA1-4FB7-B828-863D590B28AC}.Debug|x64.ActiveCfg = Debug|Any CPU
		{81B01378-EDA1-4FB7-B828-863D590B28AC}.Debug|x64.Build.0 = Debug|Any CPU
		{81B01378-EDA1-4FB7-B828-863D590B28AC}.Debug|x86.ActiveCfg = Debug|Any CPU
		{81B01378-EDA1-4FB7-B828-863D590B28AC}.Debug|x86.Build.0 = Debug|Any CPU
		{81B01378-EDA1-4FB7-B828-863D590B28AC}.Release|Any CPU.ActiveCfg = Release|Any CPU
		{81B01378-EDA1-4FB7-B828-863D590B28AC}.Release|Any CPU.Build.0 = Release|Any CPU
		{81B01378-EDA1-4FB7-B828-863D590B28AC}.Release|x64.ActiveCfg = Release|Any CPU
		{81B01378-EDA1-4FB7-B828-863D590B28AC}.Release|x64.Build.0 = Release|Any CPU
		{81B01378-EDA1-4FB7-B828-863D590B28AC}.Release|x86.ActiveCfg = Release|Any CPU
		{81B01378-EDA1-4FB7-B828-863D590B28AC}.Release|x86.Build.0 = Release|Any CPU
		{CC96EBB6-CBF1-428A-8296-2D3119116295}.Debug|Any CPU.ActiveCfg = Debug|Any CPU
		{CC96EBB6-CBF1-428A-8296-2D3119116295}.Debug|Any CPU.Build.0 = Debug|Any CPU
		{CC96EBB6-CBF1-428A-8296-2D3119116295}.Debug|x64.ActiveCfg = Debug|Any CPU
		{CC96EBB6-CBF1-428A-8296-2D3119116295}.Debug|x64.Build.0 = Debug|Any CPU
		{CC96EBB6-CBF1-428A-8296-2D3119116295}.Debug|x86.ActiveCfg = Debug|Any CPU
		{CC96EBB6-CBF1-428A-8296-2D3119116295}.Debug|x86.Build.0 = Debug|Any CPU
		{CC96EBB6-CBF1-428A-8296-2D3119116295}.Release|Any CPU.ActiveCfg = Release|Any CPU
		{CC96EBB6-CBF1-428A-8296-2D3119116295}.Release|Any CPU.Build.0 = Release|Any CPU
		{CC96EBB6-CBF1-428A-8296-2D3119116295}.Release|x64.ActiveCfg = Release|Any CPU
		{CC96EBB6-CBF1-428A-8296-2D3119116295}.Release|x64.Build.0 = Release|Any CPU
		{CC96EBB6-CBF1-428A-8296-2D3119116295}.Release|x86.ActiveCfg = Release|Any CPU
		{CC96EBB6-CBF1-428A-8296-2D3119116295}.Release|x86.Build.0 = Release|Any CPU
		{1BA8D06E-5EB6-412A-BC39-963209FA35D2}.Debug|Any CPU.ActiveCfg = Debug|Any CPU
		{1BA8D06E-5EB6-412A-BC39-963209FA35D2}.Debug|Any CPU.Build.0 = Debug|Any CPU
		{1BA8D06E-5EB6-412A-BC39-963209FA35D2}.Debug|x64.ActiveCfg = Debug|Any CPU
		{1BA8D06E-5EB6-412A-BC39-963209FA35D2}.Debug|x64.Build.0 = Debug|Any CPU
		{1BA8D06E-5EB6-412A-BC39-963209FA35D2}.Debug|x86.ActiveCfg = Debug|Any CPU
		{1BA8D06E-5EB6-412A-BC39-963209FA35D2}.Debug|x86.Build.0 = Debug|Any CPU
		{1BA8D06E-5EB6-412A-BC39-963209FA35D2}.Release|Any CPU.ActiveCfg = Release|Any CPU
		{1BA8D06E-5EB6-412A-BC39-963209FA35D2}.Release|Any CPU.Build.0 = Release|Any CPU
		{1BA8D06E-5EB6-412A-BC39-963209FA35D2}.Release|x64.ActiveCfg = Release|Any CPU
		{1BA8D06E-5EB6-412A-BC39-963209FA35D2}.Release|x64.Build.0 = Release|Any CPU
		{1BA8D06E-5EB6-412A-BC39-963209FA35D2}.Release|x86.ActiveCfg = Release|Any CPU
		{1BA8D06E-5EB6-412A-BC39-963209FA35D2}.Release|x86.Build.0 = Release|Any CPU
		{DF178DAE-671B-4195-9FE3-B8906DE2782D}.Debug|Any CPU.ActiveCfg = Debug|Any CPU
		{DF178DAE-671B-4195-9FE3-B8906DE2782D}.Debug|Any CPU.Build.0 = Debug|Any CPU
		{DF178DAE-671B-4195-9FE3-B8906DE2782D}.Debug|x64.ActiveCfg = Debug|Any CPU
		{DF178DAE-671B-4195-9FE3-B8906DE2782D}.Debug|x64.Build.0 = Debug|Any CPU
		{DF178DAE-671B-4195-9FE3-B8906DE2782D}.Debug|x86.ActiveCfg = Debug|Any CPU
		{DF178DAE-671B-4195-9FE3-B8906DE2782D}.Debug|x86.Build.0 = Debug|Any CPU
		{DF178DAE-671B-4195-9FE3-B8906DE2782D}.Release|Any CPU.ActiveCfg = Release|Any CPU
		{DF178DAE-671B-4195-9FE3-B8906DE2782D}.Release|Any CPU.Build.0 = Release|Any CPU
		{DF178DAE-671B-4195-9FE3-B8906DE2782D}.Release|x64.ActiveCfg = Release|Any CPU
		{DF178DAE-671B-4195-9FE3-B8906DE2782D}.Release|x64.Build.0 = Release|Any CPU
		{DF178DAE-671B-4195-9FE3-B8906DE2782D}.Release|x86.ActiveCfg = Release|Any CPU
		{DF178DAE-671B-4195-9FE3-B8906DE2782D}.Release|x86.Build.0 = Release|Any CPU
	EndGlobalSection
	GlobalSection(SolutionProperties) = preSolution
		HideSolutionNode = FALSE
	EndGlobalSection
EndGlobal
